
Microsoft Visual Studio Solution File, Format Version 12.00
# Visual Studio Version 16
VisualStudioVersion = 16.0.31624.102
MinimumVisualStudioVersion = 10.0.40219.1
Project("{9A19103F-16F7-4668-BE54-9A1E7A4F7556}") = "Publisher", "Publisher\Publisher.csproj", "{F25C1FAC-F428-4A2E-95BF-04C9416153FA}"
EndProject
Project("{9A19103F-16F7-4668-BE54-9A1E7A4F7556}") = "Receiver", "Receiver\Receiver.csproj", "{70A95F5E-9CAB-43A6-B1CB-C27271EA88EB}"
EndProject
Project("{FAE04EC0-301F-11D3-BF4B-00C04F79EFBC}") = "Shared", "Shared\Shared.csproj", "{D862D6DC-762B-4AFC-9DF8-AF7EF8E482F3}"
EndProject
Global
	GlobalSection(SolutionConfigurationPlatforms) = preSolution
		Debug|Any CPU = Debug|Any CPU
		Release|Any CPU = Release|Any CPU
	EndGlobalSection
	GlobalSection(ProjectConfigurationPlatforms) = postSolution
		{F25C1FAC-F428-4A2E-95BF-04C9416153FA}.Debug|Any CPU.ActiveCfg = Debug|Any CPU
		{F25C1FAC-F428-4A2E-95BF-04C9416153FA}.Debug|Any CPU.Build.0 = Debug|Any CPU
		{F25C1FAC-F428-4A2E-95BF-04C9416153FA}.Release|Any CPU.ActiveCfg = Release|Any CPU
		{F25C1FAC-F428-4A2E-95BF-04C9416153FA}.Release|Any CPU.Build.0 = Release|Any CPU
		{70A95F5E-9CAB-43A6-B1CB-C27271EA88EB}.Debug|Any CPU.ActiveCfg = Debug|Any CPU
		{70A95F5E-9CAB-43A6-B1CB-C27271EA88EB}.Debug|Any CPU.Build.0 = Debug|Any CPU
		{70A95F5E-9CAB-43A6-B1CB-C27271EA88EB}.Release|Any CPU.ActiveCfg = Release|Any CPU
		{70A95F5E-9CAB-43A6-B1CB-C27271EA88EB}.Release|Any CPU.Build.0 = Release|Any CPU
		{D862D6DC-762B-4AFC-9DF8-AF7EF8E482F3}.Debug|Any CPU.ActiveCfg = Debug|Any CPU
		{D862D6DC-762B-4AFC-9DF8-AF7EF8E482F3}.Debug|Any CPU.Build.0 = Debug|Any CPU
		{D862D6DC-762B-4AFC-9DF8-AF7EF8E482F3}.Release|Any CPU.ActiveCfg = Release|Any CPU
		{D862D6DC-762B-4AFC-9DF8-AF7EF8E482F3}.Release|Any CPU.Build.0 = Release|Any CPU
	EndGlobalSection
	GlobalSection(SolutionProperties) = preSolution
		HideSolutionNode = FALSE
	EndGlobalSection
	GlobalSection(ExtensibilityGlobals) = postSolution
		SolutionGuid = {A3BEC2BB-AAD0-48CA-A73B-F3B9855FD3DB}
	EndGlobalSection
EndGlobal
